
Microsoft Visual Studio Solution File, Format Version 12.00
# Visual Studio 15
VisualStudioVersion = 15.0.27428.2037
MinimumVisualStudioVersion = 10.0.40219.1
Project("{8BC9CEB8-8B4A-11D0-8D11-00A0C91BC942}") = "toy_robot", "toy_robot.vcxproj", "{93BE30B8-34A5-43F6-9573-8A6491D2ABE9}"
EndProject
Project("{8BC9CEB8-8B4A-11D0-8D11-00A0C91BC942}") = "test_command_parser", "test_command_parser\test_command_parser.vcxproj", "{D08F159C-ECAA-433E-BA62-356EC15529D9}"
EndProject
Project("{8BC9CEB8-8B4A-11D0-8D11-00A0C91BC942}") = "test_toy_robot", "test_toy_robot\test_toy_robot.vcxproj", "{01FBEB6B-7AF8-4D6E-BE30-60C90E32DB9A}"
EndProject
Global
	GlobalSection(SolutionConfigurationPlatforms) = preSolution
		Debug|x64 = Debug|x64
		Debug|x86 = Debug|x86
		Release|x64 = Release|x64
		Release|x86 = Release|x86
	EndGlobalSection
	GlobalSection(ProjectConfigurationPlatforms) = postSolution
		{93BE30B8-34A5-43F6-9573-8A6491D2ABE9}.Debug|x64.ActiveCfg = Debug|x64
		{93BE30B8-34A5-43F6-9573-8A6491D2ABE9}.Debug|x64.Build.0 = Debug|x64
		{93BE30B8-34A5-43F6-9573-8A6491D2ABE9}.Debug|x86.ActiveCfg = Debug|Win32
		{93BE30B8-34A5-43F6-9573-8A6491D2ABE9}.Debug|x86.Build.0 = Debug|Win32
		{93BE30B8-34A5-43F6-9573-8A6491D2ABE9}.Release|x64.ActiveCfg = Release|x64
		{93BE30B8-34A5-43F6-9573-8A6491D2ABE9}.Release|x64.Build.0 = Release|x64
		{93BE30B8-34A5-43F6-9573-8A6491D2ABE9}.Release|x86.ActiveCfg = Release|Win32
		{93BE30B8-34A5-43F6-9573-8A6491D2ABE9}.Release|x86.Build.0 = Release|Win32
		{D08F159C-ECAA-433E-BA62-356EC15529D9}.Debug|x64.ActiveCfg = Debug|x64
		{D08F159C-ECAA-433E-BA62-356EC15529D9}.Debug|x64.Build.0 = Debug|x64
		{D08F159C-ECAA-433E-BA62-356EC15529D9}.Debug|x86.ActiveCfg = Debug|Win32
		{D08F159C-ECAA-433E-BA62-356EC15529D9}.Debug|x86.Build.0 = Debug|Win32
		{D08F159C-ECAA-433E-BA62-356EC15529D9}.Release|x64.ActiveCfg = Release|x64
		{D08F159C-ECAA-433E-BA62-356EC15529D9}.Release|x64.Build.0 = Release|x64
		{D08F159C-ECAA-433E-BA62-356EC15529D9}.Release|x86.ActiveCfg = Release|Win32
		{D08F159C-ECAA-433E-BA62-356EC15529D9}.Release|x86.Build.0 = Release|Win32
		{01FBEB6B-7AF8-4D6E-BE30-60C90E32DB9A}.Debug|x64.ActiveCfg = Debug|x64
		{01FBEB6B-7AF8-4D6E-BE30-60C90E32DB9A}.Debug|x64.Build.0 = Debug|x64
		{01FBEB6B-7AF8-4D6E-BE30-60C90E32DB9A}.Debug|x86.ActiveCfg = Debug|Win32
		{01FBEB6B-7AF8-4D6E-BE30-60C90E32DB9A}.Debug|x86.Build.0 = Debug|Win32
		{01FBEB6B-7AF8-4D6E-BE30-60C90E32DB9A}.Release|x64.ActiveCfg = Release|x64
		{01FBEB6B-7AF8-4D6E-BE30-60C90E32DB9A}.Release|x64.Build.0 = Release|x64
		{01FBEB6B-7AF8-4D6E-BE30-60C90E32DB9A}.Release|x86.ActiveCfg = Release|Win32
		{01FBEB6B-7AF8-4D6E-BE30-60C90E32DB9A}.Release|x86.Build.0 = Release|Win32
	EndGlobalSection
	GlobalSection(SolutionProperties) = preSolution
		HideSolutionNode = FALSE
	EndGlobalSection
	GlobalSection(ExtensibilityGlobals) = postSolution
		SolutionGuid = {4CFA9AC3-6AED-49A2-8D00-0F79710B0B19}
	EndGlobalSection
EndGlobal
